// !$*UTF8*$!
{
	archiveVersion = 1;
	classes = {
	};
	objectVersion = 48;
	objects = {

/* Begin PBXBuildFile section */
		DE41281F21CB3C7C0003C1C3 /* VenueListView.xib in Resources */ = {isa = PBXBuildFile; fileRef = DE41281E21CB3C7C0003C1C3 /* VenueListView.xib */; };
		DE41282221CB3D250003C1C3 /* UIView.swift in Sources */ = {isa = PBXBuildFile; fileRef = DE41282121CB3D250003C1C3 /* UIView.swift */; };
		DE92D5E621CB48AB00C20DD6 /* Venue.swift in Sources */ = {isa = PBXBuildFile; fileRef = DE92D5E521CB48AB00C20DD6 /* Venue.swift */; };
		DE92D5EA21CB825000C20DD6 /* GetVenueResponse.swift in Sources */ = {isa = PBXBuildFile; fileRef = DE92D5E921CB825000C20DD6 /* GetVenueResponse.swift */; };
		DE985DD521CB3B5900116A41 /* VenueListViewController.swift in Sources */ = {isa = PBXBuildFile; fileRef = DE985DD221CB3B5900116A41 /* VenueListViewController.swift */; };
		DE985DD621CB3B5900116A41 /* VenueListView.swift in Sources */ = {isa = PBXBuildFile; fileRef = DE985DD421CB3B5900116A41 /* VenueListView.swift */; };
		DEDD47C921CA26EC00435F2E /* AppDelegate.swift in Sources */ = {isa = PBXBuildFile; fileRef = DEDD47C821CA26EC00435F2E /* AppDelegate.swift */; };
		DEDD47CE21CA26EC00435F2E /* Main.storyboard in Resources */ = {isa = PBXBuildFile; fileRef = DEDD47CC21CA26EC00435F2E /* Main.storyboard */; };
		DEDD47D021CA26EC00435F2E /* Assets.xcassets in Resources */ = {isa = PBXBuildFile; fileRef = DEDD47CF21CA26EC00435F2E /* Assets.xcassets */; };
		DEDD47D321CA26EC00435F2E /* LaunchScreen.storyboard in Resources */ = {isa = PBXBuildFile; fileRef = DEDD47D121CA26EC00435F2E /* LaunchScreen.storyboard */; };
/* End PBXBuildFile section */

/* Begin PBXFileReference section */
		DE41281E21CB3C7C0003C1C3 /* VenueListView.xib */ = {isa = PBXFileReference; lastKnownFileType = file.xib; path = VenueListView.xib; sourceTree = "<group>"; };
		DE41282121CB3D250003C1C3 /* UIView.swift */ = {isa = PBXFileReference; lastKnownFileType = sourcecode.swift; path = UIView.swift; sourceTree = "<group>"; };
		DE92D5E521CB48AB00C20DD6 /* Venue.swift */ = {isa = PBXFileReference; lastKnownFileType = sourcecode.swift; path = Venue.swift; sourceTree = "<group>"; };
		DE92D5E921CB825000C20DD6 /* GetVenueResponse.swift */ = {isa = PBXFileReference; lastKnownFileType = sourcecode.swift; path = GetVenueResponse.swift; sourceTree = "<group>"; };
		DE985DD221CB3B5900116A41 /* VenueListViewController.swift */ = {isa = PBXFileReference; fileEncoding = 4; lastKnownFileType = sourcecode.swift; path = VenueListViewController.swift; sourceTree = "<group>"; };
		DE985DD421CB3B5900116A41 /* VenueListView.swift */ = {isa = PBXFileReference; fileEncoding = 4; lastKnownFileType = sourcecode.swift; path = VenueListView.swift; sourceTree = "<group>"; };
		DEDD47C521CA26EC00435F2E /* VenueList.app */ = {isa = PBXFileReference; explicitFileType = wrapper.application; includeInIndex = 0; path = VenueList.app; sourceTree = BUILT_PRODUCTS_DIR; };
		DEDD47C821CA26EC00435F2E /* AppDelegate.swift */ = {isa = PBXFileReference; lastKnownFileType = sourcecode.swift; path = AppDelegate.swift; sourceTree = "<group>"; };
		DEDD47CD21CA26EC00435F2E /* Base */ = {isa = PBXFileReference; lastKnownFileType = file.storyboard; name = Base; path = Base.lproj/Main.storyboard; sourceTree = "<group>"; };
		DEDD47CF21CA26EC00435F2E /* Assets.xcassets */ = {isa = PBXFileReference; lastKnownFileType = folder.assetcatalog; path = Assets.xcassets; sourceTree = "<group>"; };
		DEDD47D221CA26EC00435F2E /* Base */ = {isa = PBXFileReference; lastKnownFileType = file.storyboard; name = Base; path = Base.lproj/LaunchScreen.storyboard; sourceTree = "<group>"; };
		DEDD47D421CA26EC00435F2E /* Info.plist */ = {isa = PBXFileReference; lastKnownFileType = text.plist.xml; path = Info.plist; sourceTree = "<group>"; };
/* End PBXFileReference section */

/* Begin PBXFrameworksBuildPhase section */
		DEDD47C221CA26EC00435F2E /* Frameworks */ = {
			isa = PBXFrameworksBuildPhase;
			buildActionMask = 2147483647;
			files = (
			);
			runOnlyForDeploymentPostprocessing = 0;
		};
/* End PBXFrameworksBuildPhase section */

/* Begin PBXGroup section */
		DE41282021CB3D110003C1C3 /* Extensions */ = {
			isa = PBXGroup;
			children = (
				DE41282121CB3D250003C1C3 /* UIView.swift */,
			);
			path = Extensions;
			sourceTree = "<group>";
		};
		DE92D5E421CB489000C20DD6 /* Models */ = {
			isa = PBXGroup;
			children = (
				DE92D5E521CB48AB00C20DD6 /* Venue.swift */,
				DE92D5E921CB825000C20DD6 /* GetVenueResponse.swift */,
			);
			path = Models;
			sourceTree = "<group>";
		};
		DE985DD121CB3B5900116A41 /* ViewControllers */ = {
			isa = PBXGroup;
			children = (
				DE985DD221CB3B5900116A41 /* VenueListViewController.swift */,
			);
			path = ViewControllers;
			sourceTree = "<group>";
		};
		DE985DD321CB3B5900116A41 /* Views */ = {
			isa = PBXGroup;
			children = (
				DE985DD421CB3B5900116A41 /* VenueListView.swift */,
				DE41281E21CB3C7C0003C1C3 /* VenueListView.xib */,
			);
			path = Views;
			sourceTree = "<group>";
		};
		DEDD47BC21CA26EC00435F2E = {
			isa = PBXGroup;
			children = (
				DEDD47C721CA26EC00435F2E /* VenueList */,
				DEDD47C621CA26EC00435F2E /* Products */,
			);
			sourceTree = "<group>";
		};
		DEDD47C621CA26EC00435F2E /* Products */ = {
			isa = PBXGroup;
			children = (
				DEDD47C521CA26EC00435F2E /* VenueList.app */,
			);
			name = Products;
			sourceTree = "<group>";
		};
		DEDD47C721CA26EC00435F2E /* VenueList */ = {
			isa = PBXGroup;
			children = (
				DE92D5E421CB489000C20DD6 /* Models */,
				DE41282021CB3D110003C1C3 /* Extensions */,
				DE985DD121CB3B5900116A41 /* ViewControllers */,
				DE985DD321CB3B5900116A41 /* Views */,
				DEDD47C821CA26EC00435F2E /* AppDelegate.swift */,
				DEDD47CC21CA26EC00435F2E /* Main.storyboard */,
				DEDD47CF21CA26EC00435F2E /* Assets.xcassets */,
				DEDD47D121CA26EC00435F2E /* LaunchScreen.storyboard */,
				DEDD47D421CA26EC00435F2E /* Info.plist */,
			);
			path = VenueList;
			sourceTree = "<group>";
		};
/* End PBXGroup section */

/* Begin PBXNativeTarget section */
		DEDD47C421CA26EC00435F2E /* VenueList */ = {
			isa = PBXNativeTarget;
			buildConfigurationList = DEDD47D721CA26EC00435F2E /* Build configuration list for PBXNativeTarget "VenueList" */;
			buildPhases = (
				DEDD47C121CA26EC00435F2E /* Sources */,
				DEDD47C221CA26EC00435F2E /* Frameworks */,
				DEDD47C321CA26EC00435F2E /* Resources */,
			);
			buildRules = (
			);
			dependencies = (
			);
			name = VenueList;
			productName = VenueList;
			productReference = DEDD47C521CA26EC00435F2E /* VenueList.app */;
			productType = "com.apple.product-type.application";
		};
/* End PBXNativeTarget section */

/* Begin PBXProject section */
		DEDD47BD21CA26EC00435F2E /* Project object */ = {
			isa = PBXProject;
			attributes = {
				LastSwiftUpdateCheck = 0920;
				LastUpgradeCheck = 0920;
				ORGANIZATIONNAME = "Keith Mark Samson";
				TargetAttributes = {
					DEDD47C421CA26EC00435F2E = {
						CreatedOnToolsVersion = 9.2;
						ProvisioningStyle = Automatic;
					};
				};
			};
			buildConfigurationList = DEDD47C021CA26EC00435F2E /* Build configuration list for PBXProject "VenueList" */;
			compatibilityVersion = "Xcode 8.0";
			developmentRegion = en;
			hasScannedForEncodings = 0;
			knownRegions = (
				en,
				Base,
			);
			mainGroup = DEDD47BC21CA26EC00435F2E;
			productRefGroup = DEDD47C621CA26EC00435F2E /* Products */;
			projectDirPath = "";
			projectRoot = "";
			targets = (
				DEDD47C421CA26EC00435F2E /* VenueList */,
			);
		};
/* End PBXProject section */

/* Begin PBXResourcesBuildPhase section */
		DEDD47C321CA26EC00435F2E /* Resources */ = {
			isa = PBXResourcesBuildPhase;
			buildActionMask = 2147483647;
			files = (
				DE41281F21CB3C7C0003C1C3 /* VenueListView.xib in Resources */,
				DEDD47D321CA26EC00435F2E /* LaunchScreen.storyboard in Resources */,
				DEDD47D021CA26EC00435F2E /* Assets.xcassets in Resources */,
				DEDD47CE21CA26EC00435F2E /* Main.storyboard in Resources */,
			);
			runOnlyForDeploymentPostprocessing = 0;
		};
/* End PBXResourcesBuildPhase section */

/* Begin PBXSourcesBuildPhase section */
		DEDD47C121CA26EC00435F2E /* Sources */ = {
			isa = PBXSourcesBuildPhase;
			buildActionMask = 2147483647;
			files = (
				DE41282221CB3D250003C1C3 /* UIView.swift in Sources */,
				DE92D5E621CB48AB00C20DD6 /* Venue.swift in Sources */,
				DE92D5EA21CB825000C20DD6 /* GetVenueResponse.swift in Sources */,
				DE985DD521CB3B5900116A41 /* VenueListViewController.swift in Sources */,
				DE985DD621CB3B5900116A41 /* VenueListView.swift in Sources */,
				DEDD47C921CA26EC00435F2E /* AppDelegate.swift in Sources */,
			);
			runOnlyForDeploymentPostprocessing = 0;
		};
/* End PBXSourcesBuildPhase section */

/* Begin PBXVariantGroup section */
		DEDD47CC21CA26EC00435F2E /* Main.storyboard */ = {
			isa = PBXVariantGroup;
			children = (
				DEDD47CD21CA26EC00435F2E /* Base */,
			);
			name = Main.storyboard;
			sourceTree = "<group>";
		};
		DEDD47D121CA26EC00435F2E /* LaunchScreen.storyboard */ = {
			isa = PBXVariantGroup;
			children = (
				DEDD47D221CA26EC00435F2E /* Base */,
			);
			name = LaunchScreen.storyboard;
			sourceTree = "<group>";
		};
/* End PBXVariantGroup section */

/* Begin XCBuildConfiguration section */
		DEDD47D521CA26EC00435F2E /* Debug */ = {
			isa = XCBuildConfiguration;
			buildSettings = {
				ALWAYS_SEARCH_USER_PATHS = NO;
				CLANG_ANALYZER_NONNULL = YES;
				CLANG_ANALYZER_NUMBER_OBJECT_CONVERSION = YES_AGGRESSIVE;
				CLANG_CXX_LANGUAGE_STANDARD = "gnu++14";
				CLANG_CXX_LIBRARY = "libc++";
				CLANG_ENABLE_MODULES = YES;
				CLANG_ENABLE_OBJC_ARC = YES;
				CLANG_WARN_BLOCK_CAPTURE_AUTORELEASING = YES;
				CLANG_WARN_BOOL_CONVERSION = YES;
				CLANG_WARN_COMMA = YES;
				CLANG_WARN_CONSTANT_CONVERSION = YES;
				CLANG_WARN_DIRECT_OBJC_ISA_USAGE = YES_ERROR;
				CLANG_WARN_DOCUMENTATION_COMMENTS = YES;
				CLANG_WARN_EMPTY_BODY = YES;
				CLANG_WARN_ENUM_CONVERSION = YES;
				CLANG_WARN_INFINITE_RECURSION = YES;
				CLANG_WARN_INT_CONVERSION = YES;
				CLANG_WARN_NON_LITERAL_NULL_CONVERSION = YES;
				CLANG_WARN_OBJC_LITERAL_CONVERSION = YES;
				CLANG_WARN_OBJC_ROOT_CLASS = YES_ERROR;
				CLANG_WARN_RANGE_LOOP_ANALYSIS = YES;
				CLANG_WARN_STRICT_PROTOTYPES = YES;
				CLANG_WARN_SUSPICIOUS_MOVE = YES;
				CLANG_WARN_UNGUARDED_AVAILABILITY = YES_AGGRESSIVE;
				CLANG_WARN_UNREACHABLE_CODE = YES;
				CLANG_WARN__DUPLICATE_METHOD_MATCH = YES;
				CODE_SIGN_IDENTITY = "iPhone Developer";
				COPY_PHASE_STRIP = NO;
				DEBUG_INFORMATION_FORMAT = dwarf;
				ENABLE_STRICT_OBJC_MSGSEND = YES;
				ENABLE_TESTABILITY = YES;
				GCC_C_LANGUAGE_STANDARD = gnu11;
				GCC_DYNAMIC_NO_PIC = NO;
				GCC_NO_COMMON_BLOCKS = YES;
				GCC_OPTIMIZATION_LEVEL = 0;
				GCC_PREPROCESSOR_DEFINITIONS = (
					"DEBUG=1",
					"$(inherited)",
				);
				GCC_WARN_64_TO_32_BIT_CONVERSION = YES;
				GCC_WARN_ABOUT_RETURN_TYPE = YES_ERROR;
				GCC_WARN_UNDECLARED_SELECTOR = YES;
				GCC_WARN_UNINITIALIZED_AUTOS = YES_AGGRESSIVE;
				GCC_WARN_UNUSED_FUNCTION = YES;
				GCC_WARN_UNUSED_VARIABLE = YES;
				IPHONEOS_DEPLOYMENT_TARGET = 11.2;
				MTL_ENABLE_DEBUG_INFO = YES;
				ONLY_ACTIVE_ARCH = YES;
				SDKROOT = iphoneos;
				SWIFT_ACTIVE_COMPILATION_CONDITIONS = DEBUG;
				SWIFT_OPTIMIZATION_LEVEL = "-Onone";
			};
			name = Debug;
		};
		DEDD47D621CA26EC00435F2E /* Release */ = {
			isa = XCBuildConfiguration;
			buildSettings = {
				ALWAYS_SEARCH_USER_PATHS = NO;
				CLANG_ANALYZER_NONNULL = YES;
				CLANG_ANALYZER_NUMBER_OBJECT_CONVERSION = YES_AGGRESSIVE;
				CLANG_CXX_LANGUAGE_STANDARD = "gnu++14";
				CLANG_CXX_LIBRARY = "libc++";
				CLANG_ENABLE_MODULES = YES;
				CLANG_ENABLE_OBJC_ARC = YES;
				CLANG_WARN_BLOCK_CAPTURE_AUTORELEASING = YES;
				CLANG_WARN_BOOL_CONVERSION = YES;
				CLANG_WARN_COMMA = YES;
				CLANG_WARN_CONSTANT_CONVERSION = YES;
				CLANG_WARN_DIRECT_OBJC_ISA_USAGE = YES_ERROR;
				CLANG_WARN_DOCUMENTATION_COMMENTS = YES;
				CLANG_WARN_EMPTY_BODY = YES;
				CLANG_WARN_ENUM_CONVERSION = YES;
				CLANG_WARN_INFINITE_RECURSION = YES;
				CLANG_WARN_INT_CONVERSION = YES;
				CLANG_WARN_NON_LITERAL_NULL_CONVERSION = YES;
				CLANG_WARN_OBJC_LITERAL_CONVERSION = YES;
				CLANG_WARN_OBJC_ROOT_CLASS = YES_ERROR;
				CLANG_WARN_RANGE_LOOP_ANALYSIS = YES;
				CLANG_WARN_STRICT_PROTOTYPES = YES;
				CLANG_WARN_SUSPICIOUS_MOVE = YES;
				CLANG_WARN_UNGUARDED_AVAILABILITY = YES_AGGRESSIVE;
				CLANG_WARN_UNREACHABLE_CODE = YES;
				CLANG_WARN__DUPLICATE_METHOD_MATCH = YES;
				CODE_SIGN_IDENTITY = "iPhone Developer";
				COPY_PHASE_STRIP = NO;
				DEBUG_INFORMATION_FORMAT = "dwarf-with-dsym";
				ENABLE_NS_ASSERTIONS = NO;
				ENABLE_STRICT_OBJC_MSGSEND = YES;
				GCC_C_LANGUAGE_STANDARD = gnu11;
				GCC_NO_COMMON_BLOCKS = YES;
				GCC_WARN_64_TO_32_BIT_CONVERSION = YES;
				GCC_WARN_ABOUT_RETURN_TYPE = YES_ERROR;
				GCC_WARN_UNDECLARED_SELECTOR = YES;
				GCC_WARN_UNINITIALIZED_AUTOS = YES_AGGRESSIVE;
				GCC_WARN_UNUSED_FUNCTION = YES;
				GCC_WARN_UNUSED_VARIABLE = YES;
				IPHONEOS_DEPLOYMENT_TARGET = 11.2;
				MTL_ENABLE_DEBUG_INFO = NO;
				SDKROOT = iphoneos;
				SWIFT_OPTIMIZATION_LEVEL = "-Owholemodule";
				VALIDATE_PRODUCT = YES;
			};
			name = Release;
		};
		DEDD47D821CA26EC00435F2E /* Debug */ = {
			isa = XCBuildConfiguration;
			buildSettings = {
				ASSETCATALOG_COMPILER_APPICON_NAME = AppIcon;
				CODE_SIGN_STYLE = Automatic;
				INFOPLIST_FILE = VenueList/Info.plist;
				LD_RUNPATH_SEARCH_PATHS = "$(inherited) @executable_path/Frameworks";
				PRODUCT_BUNDLE_IDENTIFIER = com.sample.VenueList;
				PRODUCT_NAME = "$(TARGET_NAME)";
				SWIFT_VERSION = 4.0;
				TARGETED_DEVICE_FAMILY = "1,2";
			};
			name = Debug;
		};
		DEDD47D921CA26EC00435F2E /* Release */ = {
			isa = XCBuildConfiguration;
			buildSettings = {
				ASSETCATALOG_COMPILER_APPICON_NAME = AppIcon;
				CODE_SIGN_STYLE = Automatic;
				INFOPLIST_FILE = VenueList/Info.plist;
				LD_RUNPATH_SEARCH_PATHS = "$(inherited) @executable_path/Frameworks";
				PRODUCT_BUNDLE_IDENTIFIER = com.sample.VenueList;
				PRODUCT_NAME = "$(TARGET_NAME)";
				SWIFT_VERSION = 4.0;
				TARGETED_DEVICE_FAMILY = "1,2";
			};
			name = Release;
		};
/* End XCBuildConfiguration section */

/* Begin XCConfigurationList section */
		DEDD47C021CA26EC00435F2E /* Build configuration list for PBXProject "VenueList" */ = {
			isa = XCConfigurationList;
			buildConfigurations = (
				DEDD47D521CA26EC00435F2E /* Debug */,
				DEDD47D621CA26EC00435F2E /* Release */,
			);
			defaultConfigurationIsVisible = 0;
			defaultConfigurationName = Release;
		};
		DEDD47D721CA26EC00435F2E /* Build configuration list for PBXNativeTarget "VenueList" */ = {
			isa = XCConfigurationList;
			buildConfigurations = (
				DEDD47D821CA26EC00435F2E /* Debug */,
				DEDD47D921CA26EC00435F2E /* Release */,
			);
			defaultConfigurationIsVisible = 0;
			defaultConfigurationName = Release;
		};
/* End XCConfigurationList section */
	};
	rootObject = DEDD47BD21CA26EC00435F2E /* Project object */;
}
